
Microsoft Visual Studio Solution File, Format Version 12.00
Project("{2150E333-8FDC-42A3-9474-1A3956D46DE8}") = "EventSourcing.Bus", "EventSourcing.Bus", "{3829A2ED-C973-4C40-89B2-276296AC020A}"
EndProject
Project("{FAE04EC0-301F-11D3-BF4B-00C04F79EFBC}") = "Bus", "EventSourcing.Bus\Bus\Bus.csproj", "{0A890920-AF51-4CA5-90BE-5838BB7CD05E}"
EndProject
Project("{FAE04EC0-301F-11D3-BF4B-00C04F79EFBC}") = "Bus.Abstractions", "EventSourcing.Bus\Bus.Abstractions\Bus.Abstractions.csproj", "{FED5B0D5-163B-404E-9CD3-69C7B0A246B4}"
EndProject
Project("{FAE04EC0-301F-11D3-BF4B-00C04F79EFBC}") = "Bus.RabbitMQ", "EventSourcing.Bus\Bus.RabbitMQ\Bus.RabbitMQ.csproj", "{90AA64F3-52A1-45E0-AD2E-62ACA6C276F8}"
EndProject
Project("{FAE04EC0-301F-11D3-BF4B-00C04F79EFBC}") = "Bus.RabbitMQ.IntegrationTests", "EventSourcing.Bus\Bus.RabbitMQ.IntegrationTests\Bus.RabbitMQ.IntegrationTests.csproj", "{A2CE13CB-9C3F-49A2-8109-BE1C02BAA25D}"
EndProject
Project("{FAE04EC0-301F-11D3-BF4B-00C04F79EFBC}") = "Extensions.DependencyInjection.Bus.RabbitMQ", "EventSourcing.Bus\Extensions.DependencyInjection.Bus.RabbitMQ\Extensions.DependencyInjection.Bus.RabbitMQ.csproj", "{78749D02-0B4A-4F9B-BE31-3F0B6B7DC9BD}"
EndProject
Project("{FAE04EC0-301F-11D3-BF4B-00C04F79EFBC}") = "Bus.RabbitMQ.UnitTests", "EventSourcing.Bus\Bus.RabbitMQ.UnitTests\Bus.RabbitMQ.UnitTests.csproj", "{7B67F03F-428F-40B2-86F9-B5ED8E3EC1E3}"
EndProject
Project("{2150E333-8FDC-42A3-9474-1A3956D46DE8}") = "EventSourcing.Persistence", "EventSourcing.Persistence", "{8792BDC7-C64B-4270-A84C-579204AC79B5}"
EndProject
Project("{FAE04EC0-301F-11D3-BF4B-00C04F79EFBC}") = "Extensions.DatabaseMigrations.Persistence.SqlServer", "EventSourcing.Persistence\Extensions.DatabaseMigrations.Persistence.SqlServer\Extensions.DatabaseMigrations.Persistence.SqlServer.csproj", "{1B426689-F3C7-460B-A8D1-539CDFE09630}"
EndProject
Project("{FAE04EC0-301F-11D3-BF4B-00C04F79EFBC}") = "Extensions.DatabaseMigrations.Persistence.SqlServer.DbUp", "EventSourcing.Persistence\Extensions.DatabaseMigrations.Persistence.SqlServer.DbUp\Extensions.DatabaseMigrations.Persistence.SqlServer.DbUp.csproj", "{6A449FAA-DB82-4988-B5BF-B4BAD8C4C9E2}"
EndProject
Project("{FAE04EC0-301F-11D3-BF4B-00C04F79EFBC}") = "Extensions.DependencyInjection.Persistence", "EventSourcing.Persistence\Extensions.DependencyInjection.Persistence\Extensions.DependencyInjection.Persistence.csproj", "{9F569390-1B76-4D6C-98FC-87D2F7F6C051}"
EndProject
Project("{FAE04EC0-301F-11D3-BF4B-00C04F79EFBC}") = "Extensions.DependencyInjection.Persistence.SqlServer", "EventSourcing.Persistence\Extensions.DependencyInjection.Persistence.SqlServer\Extensions.DependencyInjection.Persistence.SqlServer.csproj", "{F38FF8D9-F592-45BF-87BE-632647F06165}"
EndProject
Project("{FAE04EC0-301F-11D3-BF4B-00C04F79EFBC}") = "Persistence", "EventSourcing.Persistence\Persistence\Persistence.csproj", "{44E808CF-ABC2-4903-B9A8-A25F25079643}"
EndProject
Project("{FAE04EC0-301F-11D3-BF4B-00C04F79EFBC}") = "Persistence.Abstractions", "EventSourcing.Persistence\Persistence.Abstractions\Persistence.Abstractions.csproj", "{A50EA1B7-9778-4AEB-88B4-3F9563646F99}"
EndProject
Project("{FAE04EC0-301F-11D3-BF4B-00C04F79EFBC}") = "Persistence.Abstractions.UnitTests", "EventSourcing.Persistence\Persistence.Abstractions.UnitTests\Persistence.Abstractions.UnitTests.csproj", "{F5BF6C9E-4709-4E98-810F-9F3F8A87D021}"
EndProject
Project("{FAE04EC0-301F-11D3-BF4B-00C04F79EFBC}") = "Persistence.SqlServer", "EventSourcing.Persistence\Persistence.SqlServer\Persistence.SqlServer.csproj", "{8063A8D8-20A4-41ED-AB51-F510BF6925E1}"
EndProject
Project("{FAE04EC0-301F-11D3-BF4B-00C04F79EFBC}") = "Persistence.SqlServer.IntegrationTests", "EventSourcing.Persistence\Persistence.SqlServer.IntegrationTests\Persistence.SqlServer.IntegrationTests.csproj", "{844B3E44-E5CA-41FF-9EA1-214236504B06}"
EndProject
Project("{2150E333-8FDC-42A3-9474-1A3956D46DE8}") = "Helpers", "Helpers", "{39A4BAD4-D06B-482E-B5A0-5D79C36FBE33}"
EndProject
Project("{FAE04EC0-301F-11D3-BF4B-00C04F79EFBC}") = "Serialization.Abstractions", "Helpers\Serialization.Abstractions\Serialization.Abstractions.csproj", "{10263A44-C07A-4B3F-BD97-34FC8844FF16}"
EndProject
Project("{FAE04EC0-301F-11D3-BF4B-00C04F79EFBC}") = "TestHelpers", "Helpers\TestHelpers\TestHelpers.csproj", "{51F13F2F-517E-45FC-B95B-8AB849994CB4}"
EndProject
Project("{2150E333-8FDC-42A3-9474-1A3956D46DE8}") = "Core", "Core", "{051E2AFC-545F-4977-BA96-6BB80736FE2C}"
EndProject
Project("{FAE04EC0-301F-11D3-BF4B-00C04F79EFBC}") = "Abstractions", "Core\Abstractions\Abstractions.csproj", "{D97DB10B-1E63-4A0C-B395-B9008DB8DB87}"
EndProject
Project("{FAE04EC0-301F-11D3-BF4B-00C04F79EFBC}") = "Abstractions.UnitTests", "Core\Abstractions.UnitTests\Abstractions.UnitTests.csproj", "{C3E3CBAE-7BBB-4223-8B11-6410AE5FF7E2}"
EndProject
Project("{FAE04EC0-301F-11D3-BF4B-00C04F79EFBC}") = "EventSourcing", "Core\EventSourcing\EventSourcing.csproj", "{FE3103A9-28B7-455A-BA80-10E902E57F1B}"
EndProject
Project("{FAE04EC0-301F-11D3-BF4B-00C04F79EFBC}") = "EventSourcing.UnitTests", "Core\EventSourcing.UnitTests\EventSourcing.UnitTests.csproj", "{F4F18A22-872E-4672-9D44-EF3685C31F1D}"
EndProject
Project("{FAE04EC0-301F-11D3-BF4B-00C04F79EFBC}") = "Extensions.DependencyInjection", "Core\Extensions.DependencyInjection\Extensions.DependencyInjection.csproj", "{F397E23E-16F1-494C-9223-B385974DD5CE}"
EndProject
Global
	GlobalSection(SolutionConfigurationPlatforms) = preSolution
		Debug|Any CPU = Debug|Any CPU
		Release|Any CPU = Release|Any CPU
	EndGlobalSection
	GlobalSection(ProjectConfigurationPlatforms) = postSolution
		{0A890920-AF51-4CA5-90BE-5838BB7CD05E}.Debug|Any CPU.ActiveCfg = Debug|Any CPU
		{0A890920-AF51-4CA5-90BE-5838BB7CD05E}.Debug|Any CPU.Build.0 = Debug|Any CPU
		{0A890920-AF51-4CA5-90BE-5838BB7CD05E}.Release|Any CPU.ActiveCfg = Release|Any CPU
		{0A890920-AF51-4CA5-90BE-5838BB7CD05E}.Release|Any CPU.Build.0 = Release|Any CPU
		{FED5B0D5-163B-404E-9CD3-69C7B0A246B4}.Debug|Any CPU.ActiveCfg = Debug|Any CPU
		{FED5B0D5-163B-404E-9CD3-69C7B0A246B4}.Debug|Any CPU.Build.0 = Debug|Any CPU
		{FED5B0D5-163B-404E-9CD3-69C7B0A246B4}.Release|Any CPU.ActiveCfg = Release|Any CPU
		{FED5B0D5-163B-404E-9CD3-69C7B0A246B4}.Release|Any CPU.Build.0 = Release|Any CPU
		{90AA64F3-52A1-45E0-AD2E-62ACA6C276F8}.Debug|Any CPU.ActiveCfg = Debug|Any CPU
		{90AA64F3-52A1-45E0-AD2E-62ACA6C276F8}.Debug|Any CPU.Build.0 = Debug|Any CPU
		{90AA64F3-52A1-45E0-AD2E-62ACA6C276F8}.Release|Any CPU.ActiveCfg = Release|Any CPU
		{90AA64F3-52A1-45E0-AD2E-62ACA6C276F8}.Release|Any CPU.Build.0 = Release|Any CPU
		{A2CE13CB-9C3F-49A2-8109-BE1C02BAA25D}.Debug|Any CPU.ActiveCfg = Debug|Any CPU
		{A2CE13CB-9C3F-49A2-8109-BE1C02BAA25D}.Debug|Any CPU.Build.0 = Debug|Any CPU
		{A2CE13CB-9C3F-49A2-8109-BE1C02BAA25D}.Release|Any CPU.ActiveCfg = Release|Any CPU
		{A2CE13CB-9C3F-49A2-8109-BE1C02BAA25D}.Release|Any CPU.Build.0 = Release|Any CPU
		{78749D02-0B4A-4F9B-BE31-3F0B6B7DC9BD}.Debug|Any CPU.ActiveCfg = Debug|Any CPU
		{78749D02-0B4A-4F9B-BE31-3F0B6B7DC9BD}.Debug|Any CPU.Build.0 = Debug|Any CPU
		{78749D02-0B4A-4F9B-BE31-3F0B6B7DC9BD}.Release|Any CPU.ActiveCfg = Release|Any CPU
		{78749D02-0B4A-4F9B-BE31-3F0B6B7DC9BD}.Release|Any CPU.Build.0 = Release|Any CPU
		{7B67F03F-428F-40B2-86F9-B5ED8E3EC1E3}.Debug|Any CPU.ActiveCfg = Debug|Any CPU
		{7B67F03F-428F-40B2-86F9-B5ED8E3EC1E3}.Debug|Any CPU.Build.0 = Debug|Any CPU
		{7B67F03F-428F-40B2-86F9-B5ED8E3EC1E3}.Release|Any CPU.ActiveCfg = Release|Any CPU
		{7B67F03F-428F-40B2-86F9-B5ED8E3EC1E3}.Release|Any CPU.Build.0 = Release|Any CPU
		{1B426689-F3C7-460B-A8D1-539CDFE09630}.Debug|Any CPU.ActiveCfg = Debug|Any CPU
		{1B426689-F3C7-460B-A8D1-539CDFE09630}.Debug|Any CPU.Build.0 = Debug|Any CPU
		{1B426689-F3C7-460B-A8D1-539CDFE09630}.Release|Any CPU.ActiveCfg = Release|Any CPU
		{1B426689-F3C7-460B-A8D1-539CDFE09630}.Release|Any CPU.Build.0 = Release|Any CPU
		{6A449FAA-DB82-4988-B5BF-B4BAD8C4C9E2}.Debug|Any CPU.ActiveCfg = Debug|Any CPU
		{6A449FAA-DB82-4988-B5BF-B4BAD8C4C9E2}.Debug|Any CPU.Build.0 = Debug|Any CPU
		{6A449FAA-DB82-4988-B5BF-B4BAD8C4C9E2}.Release|Any CPU.ActiveCfg = Release|Any CPU
		{6A449FAA-DB82-4988-B5BF-B4BAD8C4C9E2}.Release|Any CPU.Build.0 = Release|Any CPU
		{9F569390-1B76-4D6C-98FC-87D2F7F6C051}.Debug|Any CPU.ActiveCfg = Debug|Any CPU
		{9F569390-1B76-4D6C-98FC-87D2F7F6C051}.Debug|Any CPU.Build.0 = Debug|Any CPU
		{9F569390-1B76-4D6C-98FC-87D2F7F6C051}.Release|Any CPU.ActiveCfg = Release|Any CPU
		{9F569390-1B76-4D6C-98FC-87D2F7F6C051}.Release|Any CPU.Build.0 = Release|Any CPU
		{F38FF8D9-F592-45BF-87BE-632647F06165}.Debug|Any CPU.ActiveCfg = Debug|Any CPU
		{F38FF8D9-F592-45BF-87BE-632647F06165}.Debug|Any CPU.Build.0 = Debug|Any CPU
		{F38FF8D9-F592-45BF-87BE-632647F06165}.Release|Any CPU.ActiveCfg = Release|Any CPU
		{F38FF8D9-F592-45BF-87BE-632647F06165}.Release|Any CPU.Build.0 = Release|Any CPU
		{44E808CF-ABC2-4903-B9A8-A25F25079643}.Debug|Any CPU.ActiveCfg = Debug|Any CPU
		{44E808CF-ABC2-4903-B9A8-A25F25079643}.Debug|Any CPU.Build.0 = Debug|Any CPU
		{44E808CF-ABC2-4903-B9A8-A25F25079643}.Release|Any CPU.ActiveCfg = Release|Any CPU
		{44E808CF-ABC2-4903-B9A8-A25F25079643}.Release|Any CPU.Build.0 = Release|Any CPU
		{A50EA1B7-9778-4AEB-88B4-3F9563646F99}.Debug|Any CPU.ActiveCfg = Debug|Any CPU
		{A50EA1B7-9778-4AEB-88B4-3F9563646F99}.Debug|Any CPU.Build.0 = Debug|Any CPU
		{A50EA1B7-9778-4AEB-88B4-3F9563646F99}.Release|Any CPU.ActiveCfg = Release|Any CPU
		{A50EA1B7-9778-4AEB-88B4-3F9563646F99}.Release|Any CPU.Build.0 = Release|Any CPU
		{F5BF6C9E-4709-4E98-810F-9F3F8A87D021}.Debug|Any CPU.ActiveCfg = Debug|Any CPU
		{F5BF6C9E-4709-4E98-810F-9F3F8A87D021}.Debug|Any CPU.Build.0 = Debug|Any CPU
		{F5BF6C9E-4709-4E98-810F-9F3F8A87D021}.Release|Any CPU.ActiveCfg = Release|Any CPU
		{F5BF6C9E-4709-4E98-810F-9F3F8A87D021}.Release|Any CPU.Build.0 = Release|Any CPU
		{8063A8D8-20A4-41ED-AB51-F510BF6925E1}.Debug|Any CPU.ActiveCfg = Debug|Any CPU
		{8063A8D8-20A4-41ED-AB51-F510BF6925E1}.Debug|Any CPU.Build.0 = Debug|Any CPU
		{8063A8D8-20A4-41ED-AB51-F510BF6925E1}.Release|Any CPU.ActiveCfg = Release|Any CPU
		{8063A8D8-20A4-41ED-AB51-F510BF6925E1}.Release|Any CPU.Build.0 = Release|Any CPU
		{844B3E44-E5CA-41FF-9EA1-214236504B06}.Debug|Any CPU.ActiveCfg = Debug|Any CPU
		{844B3E44-E5CA-41FF-9EA1-214236504B06}.Debug|Any CPU.Build.0 = Debug|Any CPU
		{844B3E44-E5CA-41FF-9EA1-214236504B06}.Release|Any CPU.ActiveCfg = Release|Any CPU
		{844B3E44-E5CA-41FF-9EA1-214236504B06}.Release|Any CPU.Build.0 = Release|Any CPU
		{10263A44-C07A-4B3F-BD97-34FC8844FF16}.Debug|Any CPU.ActiveCfg = Debug|Any CPU
		{10263A44-C07A-4B3F-BD97-34FC8844FF16}.Debug|Any CPU.Build.0 = Debug|Any CPU
		{10263A44-C07A-4B3F-BD97-34FC8844FF16}.Release|Any CPU.ActiveCfg = Release|Any CPU
		{10263A44-C07A-4B3F-BD97-34FC8844FF16}.Release|Any CPU.Build.0 = Release|Any CPU
		{51F13F2F-517E-45FC-B95B-8AB849994CB4}.Debug|Any CPU.ActiveCfg = Debug|Any CPU
		{51F13F2F-517E-45FC-B95B-8AB849994CB4}.Debug|Any CPU.Build.0 = Debug|Any CPU
		{51F13F2F-517E-45FC-B95B-8AB849994CB4}.Release|Any CPU.ActiveCfg = Release|Any CPU
		{51F13F2F-517E-45FC-B95B-8AB849994CB4}.Release|Any CPU.Build.0 = Release|Any CPU
		{D97DB10B-1E63-4A0C-B395-B9008DB8DB87}.Debug|Any CPU.ActiveCfg = Debug|Any CPU
		{D97DB10B-1E63-4A0C-B395-B9008DB8DB87}.Debug|Any CPU.Build.0 = Debug|Any CPU
		{D97DB10B-1E63-4A0C-B395-B9008DB8DB87}.Release|Any CPU.ActiveCfg = Release|Any CPU
		{D97DB10B-1E63-4A0C-B395-B9008DB8DB87}.Release|Any CPU.Build.0 = Release|Any CPU
		{C3E3CBAE-7BBB-4223-8B11-6410AE5FF7E2}.Debug|Any CPU.ActiveCfg = Debug|Any CPU
		{C3E3CBAE-7BBB-4223-8B11-6410AE5FF7E2}.Debug|Any CPU.Build.0 = Debug|Any CPU
		{C3E3CBAE-7BBB-4223-8B11-6410AE5FF7E2}.Release|Any CPU.ActiveCfg = Release|Any CPU
		{C3E3CBAE-7BBB-4223-8B11-6410AE5FF7E2}.Release|Any CPU.Build.0 = Release|Any CPU
		{FE3103A9-28B7-455A-BA80-10E902E57F1B}.Debug|Any CPU.ActiveCfg = Debug|Any CPU
		{FE3103A9-28B7-455A-BA80-10E902E57F1B}.Debug|Any CPU.Build.0 = Debug|Any CPU
		{FE3103A9-28B7-455A-BA80-10E902E57F1B}.Release|Any CPU.ActiveCfg = Release|Any CPU
		{FE3103A9-28B7-455A-BA80-10E902E57F1B}.Release|Any CPU.Build.0 = Release|Any CPU
		{F4F18A22-872E-4672-9D44-EF3685C31F1D}.Debug|Any CPU.ActiveCfg = Debug|Any CPU
		{F4F18A22-872E-4672-9D44-EF3685C31F1D}.Debug|Any CPU.Build.0 = Debug|Any CPU
		{F4F18A22-872E-4672-9D44-EF3685C31F1D}.Release|Any CPU.ActiveCfg = Release|Any CPU
		{F4F18A22-872E-4672-9D44-EF3685C31F1D}.Release|Any CPU.Build.0 = Release|Any CPU
		{F397E23E-16F1-494C-9223-B385974DD5CE}.Debug|Any CPU.ActiveCfg = Debug|Any CPU
		{F397E23E-16F1-494C-9223-B385974DD5CE}.Debug|Any CPU.Build.0 = Debug|Any CPU
		{F397E23E-16F1-494C-9223-B385974DD5CE}.Release|Any CPU.ActiveCfg = Release|Any CPU
		{F397E23E-16F1-494C-9223-B385974DD5CE}.Release|Any CPU.Build.0 = Release|Any CPU
	EndGlobalSection
	GlobalSection(NestedProjects) = preSolution
		{0A890920-AF51-4CA5-90BE-5838BB7CD05E} = {3829A2ED-C973-4C40-89B2-276296AC020A}
		{FED5B0D5-163B-404E-9CD3-69C7B0A246B4} = {3829A2ED-C973-4C40-89B2-276296AC020A}
		{90AA64F3-52A1-45E0-AD2E-62ACA6C276F8} = {3829A2ED-C973-4C40-89B2-276296AC020A}
		{A2CE13CB-9C3F-49A2-8109-BE1C02BAA25D} = {3829A2ED-C973-4C40-89B2-276296AC020A}
		{78749D02-0B4A-4F9B-BE31-3F0B6B7DC9BD} = {3829A2ED-C973-4C40-89B2-276296AC020A}
		{7B67F03F-428F-40B2-86F9-B5ED8E3EC1E3} = {3829A2ED-C973-4C40-89B2-276296AC020A}
		{1B426689-F3C7-460B-A8D1-539CDFE09630} = {8792BDC7-C64B-4270-A84C-579204AC79B5}
		{6A449FAA-DB82-4988-B5BF-B4BAD8C4C9E2} = {8792BDC7-C64B-4270-A84C-579204AC79B5}
		{9F569390-1B76-4D6C-98FC-87D2F7F6C051} = {8792BDC7-C64B-4270-A84C-579204AC79B5}
		{F38FF8D9-F592-45BF-87BE-632647F06165} = {8792BDC7-C64B-4270-A84C-579204AC79B5}
		{44E808CF-ABC2-4903-B9A8-A25F25079643} = {8792BDC7-C64B-4270-A84C-579204AC79B5}
		{A50EA1B7-9778-4AEB-88B4-3F9563646F99} = {8792BDC7-C64B-4270-A84C-579204AC79B5}
		{F5BF6C9E-4709-4E98-810F-9F3F8A87D021} = {8792BDC7-C64B-4270-A84C-579204AC79B5}
		{8063A8D8-20A4-41ED-AB51-F510BF6925E1} = {8792BDC7-C64B-4270-A84C-579204AC79B5}
		{844B3E44-E5CA-41FF-9EA1-214236504B06} = {8792BDC7-C64B-4270-A84C-579204AC79B5}
		{10263A44-C07A-4B3F-BD97-34FC8844FF16} = {39A4BAD4-D06B-482E-B5A0-5D79C36FBE33}
		{51F13F2F-517E-45FC-B95B-8AB849994CB4} = {39A4BAD4-D06B-482E-B5A0-5D79C36FBE33}
		{D97DB10B-1E63-4A0C-B395-B9008DB8DB87} = {051E2AFC-545F-4977-BA96-6BB80736FE2C}
		{C3E3CBAE-7BBB-4223-8B11-6410AE5FF7E2} = {051E2AFC-545F-4977-BA96-6BB80736FE2C}
		{FE3103A9-28B7-455A-BA80-10E902E57F1B} = {051E2AFC-545F-4977-BA96-6BB80736FE2C}
		{F4F18A22-872E-4672-9D44-EF3685C31F1D} = {051E2AFC-545F-4977-BA96-6BB80736FE2C}
		{F397E23E-16F1-494C-9223-B385974DD5CE} = {051E2AFC-545F-4977-BA96-6BB80736FE2C}
	EndGlobalSection
EndGlobal
