
Microsoft Visual Studio Solution File, Format Version 12.00
Project("{2150E333-8FDC-42A3-9474-1A3956D46DE8}") = "EventSourcing.Bus", "EventSourcing.Bus", "{3829A2ED-C973-4C40-89B2-276296AC020A}"
EndProject
Project("{FAE04EC0-301F-11D3-BF4B-00C04F79EFBC}") = "Bus.Abstractions", "EventSourcing.Bus\Bus.Abstractions\Bus.Abstractions.csproj", "{FED5B0D5-163B-404E-9CD3-69C7B0A246B4}"
EndProject
Project("{FAE04EC0-301F-11D3-BF4B-00C04F79EFBC}") = "Bus.RabbitMQ", "EventSourcing.Bus\Bus.RabbitMQ\Bus.RabbitMQ.csproj", "{90AA64F3-52A1-45E0-AD2E-62ACA6C276F8}"
EndProject
Project("{FAE04EC0-301F-11D3-BF4B-00C04F79EFBC}") = "Bus.RabbitMQ.IntegrationTests", "EventSourcing.Bus\Bus.RabbitMQ.IntegrationTests\Bus.RabbitMQ.IntegrationTests.csproj", "{A2CE13CB-9C3F-49A2-8109-BE1C02BAA25D}"
EndProject
Project("{FAE04EC0-301F-11D3-BF4B-00C04F79EFBC}") = "Extensions.DependencyInjection.Bus.RabbitMQ", "EventSourcing.Bus\Extensions.DependencyInjection.Bus.RabbitMQ\Extensions.DependencyInjection.Bus.RabbitMQ.csproj", "{78749D02-0B4A-4F9B-BE31-3F0B6B7DC9BD}"
EndProject
Project("{FAE04EC0-301F-11D3-BF4B-00C04F79EFBC}") = "Bus.RabbitMQ.UnitTests", "EventSourcing.Bus\Bus.RabbitMQ.UnitTests\Bus.RabbitMQ.UnitTests.csproj", "{7B67F03F-428F-40B2-86F9-B5ED8E3EC1E3}"
EndProject
Project("{2150E333-8FDC-42A3-9474-1A3956D46DE8}") = "EventSourcing.Persistence", "EventSourcing.Persistence", "{8792BDC7-C64B-4270-A84C-579204AC79B5}"
EndProject
Project("{FAE04EC0-301F-11D3-BF4B-00C04F79EFBC}") = "Extensions.DatabaseMigrations.Persistence.SqlServer", "EventSourcing.Persistence\SqlServer\Extensions.DatabaseMigrations.Persistence.SqlServer\Extensions.DatabaseMigrations.Persistence.SqlServer.csproj", "{1B426689-F3C7-460B-A8D1-539CDFE09630}"
EndProject
Project("{FAE04EC0-301F-11D3-BF4B-00C04F79EFBC}") = "Extensions.DatabaseMigrations.Persistence.SqlServer.DbUp", "EventSourcing.Persistence\SqlServer\Extensions.DatabaseMigrations.Persistence.SqlServer.DbUp\Extensions.DatabaseMigrations.Persistence.SqlServer.DbUp.csproj", "{6A449FAA-DB82-4988-B5BF-B4BAD8C4C9E2}"
EndProject
Project("{FAE04EC0-301F-11D3-BF4B-00C04F79EFBC}") = "Extensions.DependencyInjection.Persistence", "EventSourcing.Persistence\Extensions.DependencyInjection.Persistence\Extensions.DependencyInjection.Persistence.csproj", "{9F569390-1B76-4D6C-98FC-87D2F7F6C051}"
EndProject
Project("{FAE04EC0-301F-11D3-BF4B-00C04F79EFBC}") = "Extensions.DependencyInjection.Persistence.SqlServer", "EventSourcing.Persistence\SqlServer\Extensions.DependencyInjection.Persistence.SqlServer\Extensions.DependencyInjection.Persistence.SqlServer.csproj", "{F38FF8D9-F592-45BF-87BE-632647F06165}"
EndProject
Project("{FAE04EC0-301F-11D3-BF4B-00C04F79EFBC}") = "Persistence", "EventSourcing.Persistence\Persistence\Persistence.csproj", "{44E808CF-ABC2-4903-B9A8-A25F25079643}"
EndProject
Project("{FAE04EC0-301F-11D3-BF4B-00C04F79EFBC}") = "Persistence.Abstractions", "EventSourcing.Persistence\Persistence.Abstractions\Persistence.Abstractions.csproj", "{A50EA1B7-9778-4AEB-88B4-3F9563646F99}"
EndProject
Project("{FAE04EC0-301F-11D3-BF4B-00C04F79EFBC}") = "Persistence.Abstractions.UnitTests", "EventSourcing.Persistence\Persistence.Abstractions.UnitTests\Persistence.Abstractions.UnitTests.csproj", "{F5BF6C9E-4709-4E98-810F-9F3F8A87D021}"
EndProject
Project("{FAE04EC0-301F-11D3-BF4B-00C04F79EFBC}") = "Persistence.SqlServer", "EventSourcing.Persistence\SqlServer\Persistence.SqlServer\Persistence.SqlServer.csproj", "{8063A8D8-20A4-41ED-AB51-F510BF6925E1}"
EndProject
Project("{FAE04EC0-301F-11D3-BF4B-00C04F79EFBC}") = "Persistence.SqlServer.IntegrationTests", "EventSourcing.Persistence\SqlServer\Persistence.SqlServer.IntegrationTests\Persistence.SqlServer.IntegrationTests.csproj", "{844B3E44-E5CA-41FF-9EA1-214236504B06}"
EndProject
Project("{2150E333-8FDC-42A3-9474-1A3956D46DE8}") = "Helpers", "Helpers", "{39A4BAD4-D06B-482E-B5A0-5D79C36FBE33}"
EndProject
Project("{FAE04EC0-301F-11D3-BF4B-00C04F79EFBC}") = "TestHelpers", "Helpers\TestHelpers\TestHelpers.csproj", "{51F13F2F-517E-45FC-B95B-8AB849994CB4}"
EndProject
Project("{2150E333-8FDC-42A3-9474-1A3956D46DE8}") = "Core", "Core", "{051E2AFC-545F-4977-BA96-6BB80736FE2C}"
EndProject
Project("{FAE04EC0-301F-11D3-BF4B-00C04F79EFBC}") = "Abstractions", "Core\Abstractions\Abstractions.csproj", "{D97DB10B-1E63-4A0C-B395-B9008DB8DB87}"
EndProject
Project("{FAE04EC0-301F-11D3-BF4B-00C04F79EFBC}") = "Abstractions.UnitTests", "Core\Abstractions.UnitTests\Abstractions.UnitTests.csproj", "{C3E3CBAE-7BBB-4223-8B11-6410AE5FF7E2}"
EndProject
Project("{FAE04EC0-301F-11D3-BF4B-00C04F79EFBC}") = "EventSourcing", "Core\EventSourcing\EventSourcing.csproj", "{FE3103A9-28B7-455A-BA80-10E902E57F1B}"
EndProject
Project("{FAE04EC0-301F-11D3-BF4B-00C04F79EFBC}") = "EventSourcing.UnitTests", "Core\EventSourcing.UnitTests\EventSourcing.UnitTests.csproj", "{F4F18A22-872E-4672-9D44-EF3685C31F1D}"
EndProject
Project("{FAE04EC0-301F-11D3-BF4B-00C04F79EFBC}") = "Extensions.DependencyInjection", "Core\Extensions.DependencyInjection\Extensions.DependencyInjection.csproj", "{F397E23E-16F1-494C-9223-B385974DD5CE}"
EndProject
Project("{2150E333-8FDC-42A3-9474-1A3956D46DE8}") = "EventSourcing.Serialization", "EventSourcing.Serialization", "{29745774-1ACA-4563-89CD-8C145BAF9D29}"
EndProject
Project("{FAE04EC0-301F-11D3-BF4B-00C04F79EFBC}") = "Serialization.Abstractions", "EventSourcing.Serialization\Serialization.Abstractions\Serialization.Abstractions.csproj", "{E9ADF67D-3872-4CF0-AE96-38C488D5C62F}"
EndProject
Project("{FAE04EC0-301F-11D3-BF4B-00C04F79EFBC}") = "Serialization.NewtonsoftJson", "EventSourcing.Serialization\Serialization.NewtonsoftJson\Serialization.NewtonsoftJson.csproj", "{CBD939E9-38EE-4A59-8042-1EB5B0D48EB7}"
EndProject
Project("{FAE04EC0-301F-11D3-BF4B-00C04F79EFBC}") = "Serialization.Json", "EventSourcing.Serialization\Serialization.Json\Serialization.Json.csproj", "{E7C12395-6A77-44BC-89F3-62B9E0BB4690}"
EndProject
Project("{FAE04EC0-301F-11D3-BF4B-00C04F79EFBC}") = "Serialization.NewtonsoftJson.UnitTests", "EventSourcing.Serialization\Serialization.NewtonsoftJson.UnitTests\Serialization.NewtonsoftJson.UnitTests.csproj", "{4DCA9DC7-3FDB-4057-91BB-50D54AC4920F}"
EndProject
Project("{FAE04EC0-301F-11D3-BF4B-00C04F79EFBC}") = "Serialization.Json.UnitTests", "EventSourcing.Serialization\Serialization.Json.UnitTests\Serialization.Json.UnitTests.csproj", "{13597722-393F-4D4A-B4D3-1776F758E21D}"
EndProject
Project("{FAE04EC0-301F-11D3-BF4B-00C04F79EFBC}") = "Extensions.DependencyInjection.Serialization.Json", "EventSourcing.Serialization\Extensions.DependencyInjection.Serialization.Json\Extensions.DependencyInjection.Serialization.Json.csproj", "{7A91861A-7599-4D5C-B8CF-19A615BD0B3C}"
EndProject
Project("{FAE04EC0-301F-11D3-BF4B-00C04F79EFBC}") = "Extensions.DependencyInjection.Serialization.NewtonsoftJson", "EventSourcing.Serialization\Extensions.DependencyInjection.Serialization.NewtonsoftJson\Extensions.DependencyInjection.Serialization.NewtonsoftJson.csproj", "{BCA46D03-E139-4130-BACA-F0D64B4E9D81}"
EndProject
Project("{FAE04EC0-301F-11D3-BF4B-00C04F79EFBC}") = "Bus", "EventSourcing.Bus\Bus\Bus.csproj", "{5C79662F-970A-47CA-B0BA-2E2B451B3E41}"
EndProject
Project("{FAE04EC0-301F-11D3-BF4B-00C04F79EFBC}") = "Extensions.DependencyInjection.Bus", "EventSourcing.Bus\Extensions.DependencyInjection.Bus\Extensions.DependencyInjection.Bus.csproj", "{95192057-56C0-4BF1-BF3A-B784E15267E9}"
EndProject
Project("{FAE04EC0-301F-11D3-BF4B-00C04F79EFBC}") = "Bus.UnitTests", "EventSourcing.Bus\Bus.UnitTests\Bus.UnitTests.csproj", "{58D0D31D-E0C4-49BE-A374-1607E3C2DD29}"
EndProject
Project("{2150E333-8FDC-42A3-9474-1A3956D46DE8}") = "EventSourcing.Aggregates", "EventSourcing.Aggregates", "{554639EC-1D6A-41B9-8B71-07DE055A27EB}"
EndProject
Project("{FAE04EC0-301F-11D3-BF4B-00C04F79EFBC}") = "Aggregates", "EventSourcing.Aggregates\Aggregates\Aggregates.csproj", "{925C0B87-F4FF-4A2D-95EA-8EAB4B9D10E8}"
EndProject
Project("{FAE04EC0-301F-11D3-BF4B-00C04F79EFBC}") = "Aggregates.Abstractions", "EventSourcing.Aggregates\Aggregates.Abstractions\Aggregates.Abstractions.csproj", "{6278C690-7A1C-469A-ABB2-C1782E577BC2}"
EndProject
Project("{FAE04EC0-301F-11D3-BF4B-00C04F79EFBC}") = "Aggregates.UnitTests", "EventSourcing.Aggregates\Aggregates.UnitTests\Aggregates.UnitTests.csproj", "{918D9C34-9263-4774-907D-87F1C9C860E9}"
EndProject
Project("{FAE04EC0-301F-11D3-BF4B-00C04F79EFBC}") = "Aggregates.Abstractions.UnitTests", "EventSourcing.Aggregates\Aggregates.Abstractions.UnitTests\Aggregates.Abstractions.UnitTests.csproj", "{2CDB97C9-D7FD-4929-A99D-F3B7D8163BCF}"
EndProject
Project("{FAE04EC0-301F-11D3-BF4B-00C04F79EFBC}") = "Extensions.DependencyInjection.Aggregates", "EventSourcing.Aggregates\Extensions.DependencyInjection.Aggregates\Extensions.DependencyInjection.Aggregates.csproj", "{D81FF910-476E-4FF6-B34B-003007568A4D}"
EndProject
Project("{FAE04EC0-301F-11D3-BF4B-00C04F79EFBC}") = "EventSourcing.UnitTests.ReferencedAssembly", "Core\EventSourcing.UnitTests.ReferencedAssembly\EventSourcing.UnitTests.ReferencedAssembly.csproj", "{B23CEB74-9659-4E73-A264-8076BF2E69F1}"
EndProject
Project("{FAE04EC0-301F-11D3-BF4B-00C04F79EFBC}") = "Serialization", "EventSourcing.Serialization\Serialization\Serialization.csproj", "{1450F357-8633-4F64-BB94-435D504108FB}"
EndProject
Project("{FAE04EC0-301F-11D3-BF4B-00C04F79EFBC}") = "Extensions.DependencyInjection.Serialization", "EventSourcing.Serialization\Extensions.DependencyInjection.Serialization\Extensions.DependencyInjection.Serialization.csproj", "{C8F807A0-1770-4417-8410-61A2C7E89A58}"
EndProject
Project("{2150E333-8FDC-42A3-9474-1A3956D46DE8}") = "SqlServer", "SqlServer", "{CF15C20C-3512-4966-8BA8-20F6C98BB96E}"
EndProject
Global
	GlobalSection(SolutionConfigurationPlatforms) = preSolution
		Debug|Any CPU = Debug|Any CPU
		Release|Any CPU = Release|Any CPU
	EndGlobalSection
	GlobalSection(ProjectConfigurationPlatforms) = postSolution
		{FED5B0D5-163B-404E-9CD3-69C7B0A246B4}.Debug|Any CPU.ActiveCfg = Debug|Any CPU
		{FED5B0D5-163B-404E-9CD3-69C7B0A246B4}.Debug|Any CPU.Build.0 = Debug|Any CPU
		{FED5B0D5-163B-404E-9CD3-69C7B0A246B4}.Release|Any CPU.ActiveCfg = Release|Any CPU
		{FED5B0D5-163B-404E-9CD3-69C7B0A246B4}.Release|Any CPU.Build.0 = Release|Any CPU
		{90AA64F3-52A1-45E0-AD2E-62ACA6C276F8}.Debug|Any CPU.ActiveCfg = Debug|Any CPU
		{90AA64F3-52A1-45E0-AD2E-62ACA6C276F8}.Debug|Any CPU.Build.0 = Debug|Any CPU
		{90AA64F3-52A1-45E0-AD2E-62ACA6C276F8}.Release|Any CPU.ActiveCfg = Release|Any CPU
		{90AA64F3-52A1-45E0-AD2E-62ACA6C276F8}.Release|Any CPU.Build.0 = Release|Any CPU
		{A2CE13CB-9C3F-49A2-8109-BE1C02BAA25D}.Debug|Any CPU.ActiveCfg = Debug|Any CPU
		{A2CE13CB-9C3F-49A2-8109-BE1C02BAA25D}.Debug|Any CPU.Build.0 = Debug|Any CPU
		{A2CE13CB-9C3F-49A2-8109-BE1C02BAA25D}.Release|Any CPU.ActiveCfg = Release|Any CPU
		{A2CE13CB-9C3F-49A2-8109-BE1C02BAA25D}.Release|Any CPU.Build.0 = Release|Any CPU
		{78749D02-0B4A-4F9B-BE31-3F0B6B7DC9BD}.Debug|Any CPU.ActiveCfg = Debug|Any CPU
		{78749D02-0B4A-4F9B-BE31-3F0B6B7DC9BD}.Debug|Any CPU.Build.0 = Debug|Any CPU
		{78749D02-0B4A-4F9B-BE31-3F0B6B7DC9BD}.Release|Any CPU.ActiveCfg = Release|Any CPU
		{78749D02-0B4A-4F9B-BE31-3F0B6B7DC9BD}.Release|Any CPU.Build.0 = Release|Any CPU
		{7B67F03F-428F-40B2-86F9-B5ED8E3EC1E3}.Debug|Any CPU.ActiveCfg = Debug|Any CPU
		{7B67F03F-428F-40B2-86F9-B5ED8E3EC1E3}.Debug|Any CPU.Build.0 = Debug|Any CPU
		{7B67F03F-428F-40B2-86F9-B5ED8E3EC1E3}.Release|Any CPU.ActiveCfg = Release|Any CPU
		{7B67F03F-428F-40B2-86F9-B5ED8E3EC1E3}.Release|Any CPU.Build.0 = Release|Any CPU
		{1B426689-F3C7-460B-A8D1-539CDFE09630}.Debug|Any CPU.ActiveCfg = Debug|Any CPU
		{1B426689-F3C7-460B-A8D1-539CDFE09630}.Debug|Any CPU.Build.0 = Debug|Any CPU
		{1B426689-F3C7-460B-A8D1-539CDFE09630}.Release|Any CPU.ActiveCfg = Release|Any CPU
		{1B426689-F3C7-460B-A8D1-539CDFE09630}.Release|Any CPU.Build.0 = Release|Any CPU
		{6A449FAA-DB82-4988-B5BF-B4BAD8C4C9E2}.Debug|Any CPU.ActiveCfg = Debug|Any CPU
		{6A449FAA-DB82-4988-B5BF-B4BAD8C4C9E2}.Debug|Any CPU.Build.0 = Debug|Any CPU
		{6A449FAA-DB82-4988-B5BF-B4BAD8C4C9E2}.Release|Any CPU.ActiveCfg = Release|Any CPU
		{6A449FAA-DB82-4988-B5BF-B4BAD8C4C9E2}.Release|Any CPU.Build.0 = Release|Any CPU
		{9F569390-1B76-4D6C-98FC-87D2F7F6C051}.Debug|Any CPU.ActiveCfg = Debug|Any CPU
		{9F569390-1B76-4D6C-98FC-87D2F7F6C051}.Debug|Any CPU.Build.0 = Debug|Any CPU
		{9F569390-1B76-4D6C-98FC-87D2F7F6C051}.Release|Any CPU.ActiveCfg = Release|Any CPU
		{9F569390-1B76-4D6C-98FC-87D2F7F6C051}.Release|Any CPU.Build.0 = Release|Any CPU
		{F38FF8D9-F592-45BF-87BE-632647F06165}.Debug|Any CPU.ActiveCfg = Debug|Any CPU
		{F38FF8D9-F592-45BF-87BE-632647F06165}.Debug|Any CPU.Build.0 = Debug|Any CPU
		{F38FF8D9-F592-45BF-87BE-632647F06165}.Release|Any CPU.ActiveCfg = Release|Any CPU
		{F38FF8D9-F592-45BF-87BE-632647F06165}.Release|Any CPU.Build.0 = Release|Any CPU
		{44E808CF-ABC2-4903-B9A8-A25F25079643}.Debug|Any CPU.ActiveCfg = Debug|Any CPU
		{44E808CF-ABC2-4903-B9A8-A25F25079643}.Debug|Any CPU.Build.0 = Debug|Any CPU
		{44E808CF-ABC2-4903-B9A8-A25F25079643}.Release|Any CPU.ActiveCfg = Release|Any CPU
		{44E808CF-ABC2-4903-B9A8-A25F25079643}.Release|Any CPU.Build.0 = Release|Any CPU
		{A50EA1B7-9778-4AEB-88B4-3F9563646F99}.Debug|Any CPU.ActiveCfg = Debug|Any CPU
		{A50EA1B7-9778-4AEB-88B4-3F9563646F99}.Debug|Any CPU.Build.0 = Debug|Any CPU
		{A50EA1B7-9778-4AEB-88B4-3F9563646F99}.Release|Any CPU.ActiveCfg = Release|Any CPU
		{A50EA1B7-9778-4AEB-88B4-3F9563646F99}.Release|Any CPU.Build.0 = Release|Any CPU
		{F5BF6C9E-4709-4E98-810F-9F3F8A87D021}.Debug|Any CPU.ActiveCfg = Debug|Any CPU
		{F5BF6C9E-4709-4E98-810F-9F3F8A87D021}.Debug|Any CPU.Build.0 = Debug|Any CPU
		{F5BF6C9E-4709-4E98-810F-9F3F8A87D021}.Release|Any CPU.ActiveCfg = Release|Any CPU
		{F5BF6C9E-4709-4E98-810F-9F3F8A87D021}.Release|Any CPU.Build.0 = Release|Any CPU
		{8063A8D8-20A4-41ED-AB51-F510BF6925E1}.Debug|Any CPU.ActiveCfg = Debug|Any CPU
		{8063A8D8-20A4-41ED-AB51-F510BF6925E1}.Debug|Any CPU.Build.0 = Debug|Any CPU
		{8063A8D8-20A4-41ED-AB51-F510BF6925E1}.Release|Any CPU.ActiveCfg = Release|Any CPU
		{8063A8D8-20A4-41ED-AB51-F510BF6925E1}.Release|Any CPU.Build.0 = Release|Any CPU
		{844B3E44-E5CA-41FF-9EA1-214236504B06}.Debug|Any CPU.ActiveCfg = Debug|Any CPU
		{844B3E44-E5CA-41FF-9EA1-214236504B06}.Debug|Any CPU.Build.0 = Debug|Any CPU
		{844B3E44-E5CA-41FF-9EA1-214236504B06}.Release|Any CPU.ActiveCfg = Release|Any CPU
		{844B3E44-E5CA-41FF-9EA1-214236504B06}.Release|Any CPU.Build.0 = Release|Any CPU
		{51F13F2F-517E-45FC-B95B-8AB849994CB4}.Debug|Any CPU.ActiveCfg = Debug|Any CPU
		{51F13F2F-517E-45FC-B95B-8AB849994CB4}.Debug|Any CPU.Build.0 = Debug|Any CPU
		{51F13F2F-517E-45FC-B95B-8AB849994CB4}.Release|Any CPU.ActiveCfg = Release|Any CPU
		{51F13F2F-517E-45FC-B95B-8AB849994CB4}.Release|Any CPU.Build.0 = Release|Any CPU
		{D97DB10B-1E63-4A0C-B395-B9008DB8DB87}.Debug|Any CPU.ActiveCfg = Debug|Any CPU
		{D97DB10B-1E63-4A0C-B395-B9008DB8DB87}.Debug|Any CPU.Build.0 = Debug|Any CPU
		{D97DB10B-1E63-4A0C-B395-B9008DB8DB87}.Release|Any CPU.ActiveCfg = Release|Any CPU
		{D97DB10B-1E63-4A0C-B395-B9008DB8DB87}.Release|Any CPU.Build.0 = Release|Any CPU
		{C3E3CBAE-7BBB-4223-8B11-6410AE5FF7E2}.Debug|Any CPU.ActiveCfg = Debug|Any CPU
		{C3E3CBAE-7BBB-4223-8B11-6410AE5FF7E2}.Debug|Any CPU.Build.0 = Debug|Any CPU
		{C3E3CBAE-7BBB-4223-8B11-6410AE5FF7E2}.Release|Any CPU.ActiveCfg = Release|Any CPU
		{C3E3CBAE-7BBB-4223-8B11-6410AE5FF7E2}.Release|Any CPU.Build.0 = Release|Any CPU
		{FE3103A9-28B7-455A-BA80-10E902E57F1B}.Debug|Any CPU.ActiveCfg = Debug|Any CPU
		{FE3103A9-28B7-455A-BA80-10E902E57F1B}.Debug|Any CPU.Build.0 = Debug|Any CPU
		{FE3103A9-28B7-455A-BA80-10E902E57F1B}.Release|Any CPU.ActiveCfg = Release|Any CPU
		{FE3103A9-28B7-455A-BA80-10E902E57F1B}.Release|Any CPU.Build.0 = Release|Any CPU
		{F4F18A22-872E-4672-9D44-EF3685C31F1D}.Debug|Any CPU.ActiveCfg = Debug|Any CPU
		{F4F18A22-872E-4672-9D44-EF3685C31F1D}.Debug|Any CPU.Build.0 = Debug|Any CPU
		{F4F18A22-872E-4672-9D44-EF3685C31F1D}.Release|Any CPU.ActiveCfg = Release|Any CPU
		{F4F18A22-872E-4672-9D44-EF3685C31F1D}.Release|Any CPU.Build.0 = Release|Any CPU
		{F397E23E-16F1-494C-9223-B385974DD5CE}.Debug|Any CPU.ActiveCfg = Debug|Any CPU
		{F397E23E-16F1-494C-9223-B385974DD5CE}.Debug|Any CPU.Build.0 = Debug|Any CPU
		{F397E23E-16F1-494C-9223-B385974DD5CE}.Release|Any CPU.ActiveCfg = Release|Any CPU
		{F397E23E-16F1-494C-9223-B385974DD5CE}.Release|Any CPU.Build.0 = Release|Any CPU
		{E9ADF67D-3872-4CF0-AE96-38C488D5C62F}.Debug|Any CPU.ActiveCfg = Debug|Any CPU
		{E9ADF67D-3872-4CF0-AE96-38C488D5C62F}.Debug|Any CPU.Build.0 = Debug|Any CPU
		{E9ADF67D-3872-4CF0-AE96-38C488D5C62F}.Release|Any CPU.ActiveCfg = Release|Any CPU
		{E9ADF67D-3872-4CF0-AE96-38C488D5C62F}.Release|Any CPU.Build.0 = Release|Any CPU
		{CBD939E9-38EE-4A59-8042-1EB5B0D48EB7}.Debug|Any CPU.ActiveCfg = Debug|Any CPU
		{CBD939E9-38EE-4A59-8042-1EB5B0D48EB7}.Debug|Any CPU.Build.0 = Debug|Any CPU
		{CBD939E9-38EE-4A59-8042-1EB5B0D48EB7}.Release|Any CPU.ActiveCfg = Release|Any CPU
		{CBD939E9-38EE-4A59-8042-1EB5B0D48EB7}.Release|Any CPU.Build.0 = Release|Any CPU
		{E7C12395-6A77-44BC-89F3-62B9E0BB4690}.Debug|Any CPU.ActiveCfg = Debug|Any CPU
		{E7C12395-6A77-44BC-89F3-62B9E0BB4690}.Debug|Any CPU.Build.0 = Debug|Any CPU
		{E7C12395-6A77-44BC-89F3-62B9E0BB4690}.Release|Any CPU.ActiveCfg = Release|Any CPU
		{E7C12395-6A77-44BC-89F3-62B9E0BB4690}.Release|Any CPU.Build.0 = Release|Any CPU
		{4DCA9DC7-3FDB-4057-91BB-50D54AC4920F}.Debug|Any CPU.ActiveCfg = Debug|Any CPU
		{4DCA9DC7-3FDB-4057-91BB-50D54AC4920F}.Debug|Any CPU.Build.0 = Debug|Any CPU
		{4DCA9DC7-3FDB-4057-91BB-50D54AC4920F}.Release|Any CPU.ActiveCfg = Release|Any CPU
		{4DCA9DC7-3FDB-4057-91BB-50D54AC4920F}.Release|Any CPU.Build.0 = Release|Any CPU
		{13597722-393F-4D4A-B4D3-1776F758E21D}.Debug|Any CPU.ActiveCfg = Debug|Any CPU
		{13597722-393F-4D4A-B4D3-1776F758E21D}.Debug|Any CPU.Build.0 = Debug|Any CPU
		{13597722-393F-4D4A-B4D3-1776F758E21D}.Release|Any CPU.ActiveCfg = Release|Any CPU
		{13597722-393F-4D4A-B4D3-1776F758E21D}.Release|Any CPU.Build.0 = Release|Any CPU
		{7A91861A-7599-4D5C-B8CF-19A615BD0B3C}.Debug|Any CPU.ActiveCfg = Debug|Any CPU
		{7A91861A-7599-4D5C-B8CF-19A615BD0B3C}.Debug|Any CPU.Build.0 = Debug|Any CPU
		{7A91861A-7599-4D5C-B8CF-19A615BD0B3C}.Release|Any CPU.ActiveCfg = Release|Any CPU
		{7A91861A-7599-4D5C-B8CF-19A615BD0B3C}.Release|Any CPU.Build.0 = Release|Any CPU
		{BCA46D03-E139-4130-BACA-F0D64B4E9D81}.Debug|Any CPU.ActiveCfg = Debug|Any CPU
		{BCA46D03-E139-4130-BACA-F0D64B4E9D81}.Debug|Any CPU.Build.0 = Debug|Any CPU
		{BCA46D03-E139-4130-BACA-F0D64B4E9D81}.Release|Any CPU.ActiveCfg = Release|Any CPU
		{BCA46D03-E139-4130-BACA-F0D64B4E9D81}.Release|Any CPU.Build.0 = Release|Any CPU
		{5C79662F-970A-47CA-B0BA-2E2B451B3E41}.Debug|Any CPU.ActiveCfg = Debug|Any CPU
		{5C79662F-970A-47CA-B0BA-2E2B451B3E41}.Debug|Any CPU.Build.0 = Debug|Any CPU
		{5C79662F-970A-47CA-B0BA-2E2B451B3E41}.Release|Any CPU.ActiveCfg = Release|Any CPU
		{5C79662F-970A-47CA-B0BA-2E2B451B3E41}.Release|Any CPU.Build.0 = Release|Any CPU
		{95192057-56C0-4BF1-BF3A-B784E15267E9}.Debug|Any CPU.ActiveCfg = Debug|Any CPU
		{95192057-56C0-4BF1-BF3A-B784E15267E9}.Debug|Any CPU.Build.0 = Debug|Any CPU
		{95192057-56C0-4BF1-BF3A-B784E15267E9}.Release|Any CPU.ActiveCfg = Release|Any CPU
		{95192057-56C0-4BF1-BF3A-B784E15267E9}.Release|Any CPU.Build.0 = Release|Any CPU
		{58D0D31D-E0C4-49BE-A374-1607E3C2DD29}.Debug|Any CPU.ActiveCfg = Debug|Any CPU
		{58D0D31D-E0C4-49BE-A374-1607E3C2DD29}.Debug|Any CPU.Build.0 = Debug|Any CPU
		{58D0D31D-E0C4-49BE-A374-1607E3C2DD29}.Release|Any CPU.ActiveCfg = Release|Any CPU
		{58D0D31D-E0C4-49BE-A374-1607E3C2DD29}.Release|Any CPU.Build.0 = Release|Any CPU
		{925C0B87-F4FF-4A2D-95EA-8EAB4B9D10E8}.Debug|Any CPU.ActiveCfg = Debug|Any CPU
		{925C0B87-F4FF-4A2D-95EA-8EAB4B9D10E8}.Debug|Any CPU.Build.0 = Debug|Any CPU
		{925C0B87-F4FF-4A2D-95EA-8EAB4B9D10E8}.Release|Any CPU.ActiveCfg = Release|Any CPU
		{925C0B87-F4FF-4A2D-95EA-8EAB4B9D10E8}.Release|Any CPU.Build.0 = Release|Any CPU
		{6278C690-7A1C-469A-ABB2-C1782E577BC2}.Debug|Any CPU.ActiveCfg = Debug|Any CPU
		{6278C690-7A1C-469A-ABB2-C1782E577BC2}.Debug|Any CPU.Build.0 = Debug|Any CPU
		{6278C690-7A1C-469A-ABB2-C1782E577BC2}.Release|Any CPU.ActiveCfg = Release|Any CPU
		{6278C690-7A1C-469A-ABB2-C1782E577BC2}.Release|Any CPU.Build.0 = Release|Any CPU
		{918D9C34-9263-4774-907D-87F1C9C860E9}.Debug|Any CPU.ActiveCfg = Debug|Any CPU
		{918D9C34-9263-4774-907D-87F1C9C860E9}.Debug|Any CPU.Build.0 = Debug|Any CPU
		{918D9C34-9263-4774-907D-87F1C9C860E9}.Release|Any CPU.ActiveCfg = Release|Any CPU
		{918D9C34-9263-4774-907D-87F1C9C860E9}.Release|Any CPU.Build.0 = Release|Any CPU
		{2CDB97C9-D7FD-4929-A99D-F3B7D8163BCF}.Debug|Any CPU.ActiveCfg = Debug|Any CPU
		{2CDB97C9-D7FD-4929-A99D-F3B7D8163BCF}.Debug|Any CPU.Build.0 = Debug|Any CPU
		{2CDB97C9-D7FD-4929-A99D-F3B7D8163BCF}.Release|Any CPU.ActiveCfg = Release|Any CPU
		{2CDB97C9-D7FD-4929-A99D-F3B7D8163BCF}.Release|Any CPU.Build.0 = Release|Any CPU
		{D81FF910-476E-4FF6-B34B-003007568A4D}.Debug|Any CPU.ActiveCfg = Debug|Any CPU
		{D81FF910-476E-4FF6-B34B-003007568A4D}.Debug|Any CPU.Build.0 = Debug|Any CPU
		{D81FF910-476E-4FF6-B34B-003007568A4D}.Release|Any CPU.ActiveCfg = Release|Any CPU
		{D81FF910-476E-4FF6-B34B-003007568A4D}.Release|Any CPU.Build.0 = Release|Any CPU
		{B23CEB74-9659-4E73-A264-8076BF2E69F1}.Debug|Any CPU.ActiveCfg = Debug|Any CPU
		{B23CEB74-9659-4E73-A264-8076BF2E69F1}.Debug|Any CPU.Build.0 = Debug|Any CPU
		{B23CEB74-9659-4E73-A264-8076BF2E69F1}.Release|Any CPU.ActiveCfg = Release|Any CPU
		{B23CEB74-9659-4E73-A264-8076BF2E69F1}.Release|Any CPU.Build.0 = Release|Any CPU
		{1450F357-8633-4F64-BB94-435D504108FB}.Debug|Any CPU.ActiveCfg = Debug|Any CPU
		{1450F357-8633-4F64-BB94-435D504108FB}.Debug|Any CPU.Build.0 = Debug|Any CPU
		{1450F357-8633-4F64-BB94-435D504108FB}.Release|Any CPU.ActiveCfg = Release|Any CPU
		{1450F357-8633-4F64-BB94-435D504108FB}.Release|Any CPU.Build.0 = Release|Any CPU
		{C8F807A0-1770-4417-8410-61A2C7E89A58}.Debug|Any CPU.ActiveCfg = Debug|Any CPU
		{C8F807A0-1770-4417-8410-61A2C7E89A58}.Debug|Any CPU.Build.0 = Debug|Any CPU
		{C8F807A0-1770-4417-8410-61A2C7E89A58}.Release|Any CPU.ActiveCfg = Release|Any CPU
		{C8F807A0-1770-4417-8410-61A2C7E89A58}.Release|Any CPU.Build.0 = Release|Any CPU
	EndGlobalSection
	GlobalSection(NestedProjects) = preSolution
		{FED5B0D5-163B-404E-9CD3-69C7B0A246B4} = {3829A2ED-C973-4C40-89B2-276296AC020A}
		{90AA64F3-52A1-45E0-AD2E-62ACA6C276F8} = {3829A2ED-C973-4C40-89B2-276296AC020A}
		{A2CE13CB-9C3F-49A2-8109-BE1C02BAA25D} = {3829A2ED-C973-4C40-89B2-276296AC020A}
		{78749D02-0B4A-4F9B-BE31-3F0B6B7DC9BD} = {3829A2ED-C973-4C40-89B2-276296AC020A}
		{7B67F03F-428F-40B2-86F9-B5ED8E3EC1E3} = {3829A2ED-C973-4C40-89B2-276296AC020A}
		{9F569390-1B76-4D6C-98FC-87D2F7F6C051} = {8792BDC7-C64B-4270-A84C-579204AC79B5}
		{44E808CF-ABC2-4903-B9A8-A25F25079643} = {8792BDC7-C64B-4270-A84C-579204AC79B5}
		{A50EA1B7-9778-4AEB-88B4-3F9563646F99} = {8792BDC7-C64B-4270-A84C-579204AC79B5}
		{F5BF6C9E-4709-4E98-810F-9F3F8A87D021} = {8792BDC7-C64B-4270-A84C-579204AC79B5}
		{51F13F2F-517E-45FC-B95B-8AB849994CB4} = {39A4BAD4-D06B-482E-B5A0-5D79C36FBE33}
		{D97DB10B-1E63-4A0C-B395-B9008DB8DB87} = {051E2AFC-545F-4977-BA96-6BB80736FE2C}
		{C3E3CBAE-7BBB-4223-8B11-6410AE5FF7E2} = {051E2AFC-545F-4977-BA96-6BB80736FE2C}
		{FE3103A9-28B7-455A-BA80-10E902E57F1B} = {051E2AFC-545F-4977-BA96-6BB80736FE2C}
		{F4F18A22-872E-4672-9D44-EF3685C31F1D} = {051E2AFC-545F-4977-BA96-6BB80736FE2C}
		{F397E23E-16F1-494C-9223-B385974DD5CE} = {051E2AFC-545F-4977-BA96-6BB80736FE2C}
		{E9ADF67D-3872-4CF0-AE96-38C488D5C62F} = {29745774-1ACA-4563-89CD-8C145BAF9D29}
		{CBD939E9-38EE-4A59-8042-1EB5B0D48EB7} = {29745774-1ACA-4563-89CD-8C145BAF9D29}
		{E7C12395-6A77-44BC-89F3-62B9E0BB4690} = {29745774-1ACA-4563-89CD-8C145BAF9D29}
		{4DCA9DC7-3FDB-4057-91BB-50D54AC4920F} = {29745774-1ACA-4563-89CD-8C145BAF9D29}
		{13597722-393F-4D4A-B4D3-1776F758E21D} = {29745774-1ACA-4563-89CD-8C145BAF9D29}
		{7A91861A-7599-4D5C-B8CF-19A615BD0B3C} = {29745774-1ACA-4563-89CD-8C145BAF9D29}
		{BCA46D03-E139-4130-BACA-F0D64B4E9D81} = {29745774-1ACA-4563-89CD-8C145BAF9D29}
		{5C79662F-970A-47CA-B0BA-2E2B451B3E41} = {3829A2ED-C973-4C40-89B2-276296AC020A}
		{95192057-56C0-4BF1-BF3A-B784E15267E9} = {3829A2ED-C973-4C40-89B2-276296AC020A}
		{58D0D31D-E0C4-49BE-A374-1607E3C2DD29} = {3829A2ED-C973-4C40-89B2-276296AC020A}
		{925C0B87-F4FF-4A2D-95EA-8EAB4B9D10E8} = {554639EC-1D6A-41B9-8B71-07DE055A27EB}
		{6278C690-7A1C-469A-ABB2-C1782E577BC2} = {554639EC-1D6A-41B9-8B71-07DE055A27EB}
		{918D9C34-9263-4774-907D-87F1C9C860E9} = {554639EC-1D6A-41B9-8B71-07DE055A27EB}
		{2CDB97C9-D7FD-4929-A99D-F3B7D8163BCF} = {554639EC-1D6A-41B9-8B71-07DE055A27EB}
		{D81FF910-476E-4FF6-B34B-003007568A4D} = {554639EC-1D6A-41B9-8B71-07DE055A27EB}
		{B23CEB74-9659-4E73-A264-8076BF2E69F1} = {051E2AFC-545F-4977-BA96-6BB80736FE2C}
		{1450F357-8633-4F64-BB94-435D504108FB} = {29745774-1ACA-4563-89CD-8C145BAF9D29}
		{C8F807A0-1770-4417-8410-61A2C7E89A58} = {29745774-1ACA-4563-89CD-8C145BAF9D29}
		{CF15C20C-3512-4966-8BA8-20F6C98BB96E} = {8792BDC7-C64B-4270-A84C-579204AC79B5}
		{1B426689-F3C7-460B-A8D1-539CDFE09630} = {CF15C20C-3512-4966-8BA8-20F6C98BB96E}
		{F38FF8D9-F592-45BF-87BE-632647F06165} = {CF15C20C-3512-4966-8BA8-20F6C98BB96E}
		{6A449FAA-DB82-4988-B5BF-B4BAD8C4C9E2} = {CF15C20C-3512-4966-8BA8-20F6C98BB96E}
		{8063A8D8-20A4-41ED-AB51-F510BF6925E1} = {CF15C20C-3512-4966-8BA8-20F6C98BB96E}
		{844B3E44-E5CA-41FF-9EA1-214236504B06} = {CF15C20C-3512-4966-8BA8-20F6C98BB96E}
	EndGlobalSection
EndGlobal
